
Microsoft Visual Studio Solution File, Format Version 12.00
# Visual Studio 14
VisualStudioVersion = 14.0.25420.1
MinimumVisualStudioVersion = 10.0.40219.1
Project("{FAE04EC0-301F-11D3-BF4B-00C04F79EFBC}") = "OnlineStore", "OnlineStore\OnlineStore.csproj", "{19F57518-62CB-4E34-ABFC-A8BE8DC9D9D1}"
EndProject
Project("{FAE04EC0-301F-11D3-BF4B-00C04F79EFBC}") = "OnlineStore.DAL", "OnlineStore.DAL\OnlineStore.DAL.csproj", "{D2E76F33-31A6-4311-98C9-06F71C839CE8}"
EndProject
Project("{FAE04EC0-301F-11D3-BF4B-00C04F79EFBC}") = "OnlineStore.BLL", "OnlineStore.BLL\OnlineStore.BLL.csproj", "{9B4519B1-1817-4AA9-AF38-1DB7407D729A}"
EndProject
Global
	GlobalSection(SolutionConfigurationPlatforms) = preSolution
		Debug|Any CPU = Debug|Any CPU
		Release|Any CPU = Release|Any CPU
	EndGlobalSection
	GlobalSection(ProjectConfigurationPlatforms) = postSolution
		{19F57518-62CB-4E34-ABFC-A8BE8DC9D9D1}.Debug|Any CPU.ActiveCfg = Debug|Any CPU
		{19F57518-62CB-4E34-ABFC-A8BE8DC9D9D1}.Debug|Any CPU.Build.0 = Debug|Any CPU
		{19F57518-62CB-4E34-ABFC-A8BE8DC9D9D1}.Release|Any CPU.ActiveCfg = Release|Any CPU
		{19F57518-62CB-4E34-ABFC-A8BE8DC9D9D1}.Release|Any CPU.Build.0 = Release|Any CPU
		{D2E76F33-31A6-4311-98C9-06F71C839CE8}.Debug|Any CPU.ActiveCfg = Debug|Any CPU
		{D2E76F33-31A6-4311-98C9-06F71C839CE8}.Debug|Any CPU.Build.0 = Debug|Any CPU
		{D2E76F33-31A6-4311-98C9-06F71C839CE8}.Release|Any CPU.ActiveCfg = Release|Any CPU
		{D2E76F33-31A6-4311-98C9-06F71C839CE8}.Release|Any CPU.Build.0 = Release|Any CPU
		{9B4519B1-1817-4AA9-AF38-1DB7407D729A}.Debug|Any CPU.ActiveCfg = Debug|Any CPU
		{9B4519B1-1817-4AA9-AF38-1DB7407D729A}.Debug|Any CPU.Build.0 = Debug|Any CPU
		{9B4519B1-1817-4AA9-AF38-1DB7407D729A}.Release|Any CPU.ActiveCfg = Release|Any CPU
		{9B4519B1-1817-4AA9-AF38-1DB7407D729A}.Release|Any CPU.Build.0 = Release|Any CPU
	EndGlobalSection
	GlobalSection(SolutionProperties) = preSolution
		HideSolutionNode = FALSE
	EndGlobalSection
EndGlobal
